<?xml version="1.0" encoding="UTF-8" standalone="yes" ?>
<CodeBlocks_project_file>
	<FileVersion major="1" minor="6" />
	<Project>
		<Option title="endless-sky-lib" />
		<Option pch_mode="2" />
		<Option compiler="gcc" />
		<Build>
			<Target title="Debug">
				<Option output="lib/Debug/endless-sky" prefix_auto="1" extension_auto="1" />
				<Option working_dir="" />
				<Option object_output="obj/Debug/" />
				<Option type="2" />
				<Option compiler="gcc" />
				<Option createDefFile="1" />
				<Compiler>
					<Add option="-g" />
				</Compiler>
			</Target>
			<Target title="Release">
				<Option output="lib/Release/endless-sky" prefix_auto="1" extension_auto="1" />
				<Option working_dir="" />
				<Option object_output="obj/Release/" />
				<Option type="2" />
				<Option compiler="gcc" />
				<Option createDefFile="1" />
				<Compiler>
					<Add option="-flto" />
					<Add option="-O3" />
					<Add option="-msse3" />
				</Compiler>
				<Linker>
					<Add option="-flto" />
				</Linker>
			</Target>
			<Target title="Win32">
				<Option output="lib/Win32/endless-sky" prefix_auto="1" extension_auto="1" />
				<Option working_dir="" />
				<Option object_output="obj/Win32/" />
				<Option type="2" />
				<Option compiler="gnu_gcc_compiler_win32" />
				<Option createDefFile="1" />
				<Option projectLinkerOptionsRelation="2" />
				<Option projectIncludeDirsRelation="1" />
				<Compiler>
					<Add option="-flto" />
					<Add option="-O3" />
					<Add directory="C:/dev32/include" />
				</Compiler>
				<Linker>
					<Add option="-flto" />
				</Linker>
			</Target>
		</Build>
		<Compiler>
			<Add option="-Wnon-virtual-dtor" />
			<Add option="-Wall" />
			<Add option="-std=c++11" />
			<Add option="-Werror" />
			<Add directory="C:/dev64/include" />
		</Compiler>
		<Unit filename="source/AI.cpp" />
		<Unit filename="source/AI.h" />
		<Unit filename="source/Account.cpp" />
		<Unit filename="source/Account.h" />
		<Unit filename="source/Angle.cpp" />
		<Unit filename="source/Angle.h" />
		<Unit filename="source/Armament.cpp" />
		<Unit filename="source/Armament.h" />
		<Unit filename="source/AsteroidField.cpp" />
		<Unit filename="source/AsteroidField.h" />
		<Unit filename="source/Audio.cpp" />
		<Unit filename="source/Audio.h" />
		<Unit filename="source/BankPanel.cpp" />
		<Unit filename="source/BankPanel.h" />
		<Unit filename="source/BatchDrawList.cpp" />
		<Unit filename="source/BatchDrawList.h" />
		<Unit filename="source/BatchShader.cpp" />
		<Unit filename="source/BatchShader.h" />
		<Unit filename="source/BoardingPanel.cpp" />
		<Unit filename="source/BoardingPanel.h" />
		<Unit filename="source/Body.cpp" />
		<Unit filename="source/Body.h" />
		<Unit filename="source/CaptureOdds.cpp" />
		<Unit filename="source/CaptureOdds.h" />
		<Unit filename="source/CargoHold.cpp" />
		<Unit filename="source/CargoHold.h" />
		<Unit filename="source/CategoryTypes.h" />
		<Unit filename="source/ClickZone.h" />
		<Unit filename="source/CollisionSet.cpp" />
		<Unit filename="source/CollisionSet.h" />
		<Unit filename="source/Color.cpp" />
		<Unit filename="source/Color.h" />
		<Unit filename="source/Command.cpp" />
		<Unit filename="source/Command.h" />
		<Unit filename="source/ConditionSet.cpp" />
		<Unit filename="source/ConditionSet.h" />
		<Unit filename="source/Conversation.cpp" />
		<Unit filename="source/Conversation.h" />
		<Unit filename="source/ConversationPanel.cpp" />
		<Unit filename="source/ConversationPanel.h" />
		<Unit filename="source/CoreStartData.cpp" />
		<Unit filename="source/CoreStartData.h" />
		<Unit filename="source/DataFile.cpp" />
		<Unit filename="source/DataFile.h" />
		<Unit filename="source/DataNode.cpp" />
		<Unit filename="source/DataNode.h" />
		<Unit filename="source/DataWriter.cpp" />
		<Unit filename="source/DataWriter.h" />
		<Unit filename="source/Date.cpp" />
		<Unit filename="source/Date.h" />
		<Unit filename="source/Depreciation.cpp" />
		<Unit filename="source/Depreciation.h" />
		<Unit filename="source/Dialog.cpp" />
		<Unit filename="source/Dialog.h" />
		<Unit filename="source/Dictionary.cpp" />
		<Unit filename="source/Dictionary.h" />
		<Unit filename="source/DistanceMap.cpp" />
		<Unit filename="source/DistanceMap.h" />
		<Unit filename="source/DrawList.cpp" />
		<Unit filename="source/DrawList.h" />
		<Unit filename="source/Effect.cpp" />
		<Unit filename="source/Effect.h" />
		<Unit filename="source/Engine.cpp" />
		<Unit filename="source/Engine.h" />
		<Unit filename="source/EscortDisplay.cpp" />
		<Unit filename="source/EscortDisplay.h" />
		<Unit filename="source/EsUuid.cpp" />
		<Unit filename="source/EsUuid.h" />
		<Unit filename="source/File.cpp" />
		<Unit filename="source/File.h" />
		<Unit filename="source/Files.cpp" />
		<Unit filename="source/Files.h" />
		<Unit filename="source/FillShader.cpp" />
		<Unit filename="source/FillShader.h" />
		<Unit filename="source/Fleet.cpp" />
		<Unit filename="source/Fleet.h" />
		<Unit filename="source/Flotsam.cpp" />
		<Unit filename="source/Flotsam.h" />
		<Unit filename="source/FogShader.cpp" />
		<Unit filename="source/FogShader.h" />
		<Unit filename="source/FrameTimer.cpp" />
		<Unit filename="source/FrameTimer.h" />
		<Unit filename="source/Galaxy.cpp" />
		<Unit filename="source/Galaxy.h" />
		<Unit filename="source/GameData.cpp" />
		<Unit filename="source/GameData.h" />
		<Unit filename="source/GameEvent.cpp" />
		<Unit filename="source/GameEvent.h" />
		<Unit filename="source/GameWindow.cpp" />
		<Unit filename="source/GameWindow.h" />
		<Unit filename="source/Government.cpp" />
		<Unit filename="source/Government.h" />
		<Unit filename="source/HailPanel.cpp" />
		<Unit filename="source/HailPanel.h" />
		<Unit filename="source/Hardpoint.cpp" />
		<Unit filename="source/Hardpoint.h" />
		<Unit filename="source/Hazard.cpp" />
		<Unit filename="source/Hazard.h" />
		<Unit filename="source/HiringPanel.cpp" />
		<Unit filename="source/HiringPanel.h" />
		<Unit filename="source/ImageBuffer.cpp" />
		<Unit filename="source/ImageBuffer.h" />
		<Unit filename="source/ImageSet.cpp" />
		<Unit filename="source/ImageSet.h" />
		<Unit filename="source/Information.cpp" />
		<Unit filename="source/Information.h" />
		<Unit filename="source/Interface.cpp" />
		<Unit filename="source/Interface.h" />
		<Unit filename="source/ItemInfoDisplay.cpp" />
		<Unit filename="source/ItemInfoDisplay.h" />
		<Unit filename="source/LineShader.cpp" />
		<Unit filename="source/LineShader.h" />
		<Unit filename="source/LoadPanel.cpp" />
		<Unit filename="source/LoadPanel.h" />
		<Unit filename="source/LocationFilter.cpp" />
		<Unit filename="source/LocationFilter.h" />
		<Unit filename="source/LogbookPanel.cpp" />
		<Unit filename="source/LogbookPanel.h" />
		<Unit filename="source/MainPanel.cpp" />
		<Unit filename="source/MainPanel.h" />
		<Unit filename="source/MapDetailPanel.cpp" />
		<Unit filename="source/MapDetailPanel.h" />
		<Unit filename="source/MapOutfitterPanel.cpp" />
		<Unit filename="source/MapOutfitterPanel.h" />
		<Unit filename="source/MapPanel.cpp" />
		<Unit filename="source/MapPanel.h" />
		<Unit filename="source/MapSalesPanel.cpp" />
		<Unit filename="source/MapSalesPanel.h" />
		<Unit filename="source/MapShipyardPanel.cpp" />
		<Unit filename="source/MapShipyardPanel.h" />
		<Unit filename="source/Mask.cpp" />
		<Unit filename="source/Mask.h" />
		<Unit filename="source/MenuPanel.cpp" />
		<Unit filename="source/MenuPanel.h" />
		<Unit filename="source/Messages.cpp" />
		<Unit filename="source/Messages.h" />
		<Unit filename="source/Minable.cpp" />
		<Unit filename="source/Minable.h" />
		<Unit filename="source/Mission.cpp" />
		<Unit filename="source/Mission.h" />
		<Unit filename="source/MissionAction.cpp" />
		<Unit filename="source/MissionAction.h" />
		<Unit filename="source/MissionPanel.cpp" />
		<Unit filename="source/MissionPanel.h" />
		<Unit filename="source/Mortgage.cpp" />
		<Unit filename="source/Mortgage.h" />
		<Unit filename="source/Music.cpp" />
		<Unit filename="source/Music.h" />
		<Unit filename="source/NPC.cpp" />
		<Unit filename="source/NPC.h" />
		<Unit filename="source/News.cpp" />
		<Unit filename="source/News.h" />
		<Unit filename="source/Outfit.cpp" />
		<Unit filename="source/Outfit.h" />
		<Unit filename="source/OutfitInfoDisplay.cpp" />
		<Unit filename="source/OutfitInfoDisplay.h" />
		<Unit filename="source/OutfitterPanel.cpp" />
		<Unit filename="source/OutfitterPanel.h" />
		<Unit filename="source/OutlineShader.cpp" />
		<Unit filename="source/OutlineShader.h" />
		<Unit filename="source/Panel.cpp" />
		<Unit filename="source/Panel.h" />
		<Unit filename="source/Person.cpp" />
		<Unit filename="source/Person.h" />
		<Unit filename="source/Personality.cpp" />
		<Unit filename="source/Personality.h" />
		<Unit filename="source/Phrase.cpp" />
		<Unit filename="source/Phrase.h" />
		<Unit filename="source/Planet.cpp" />
		<Unit filename="source/Planet.h" />
		<Unit filename="source/PlanetLabel.cpp" />
		<Unit filename="source/PlanetLabel.h" />
		<Unit filename="source/PlanetPanel.cpp" />
		<Unit filename="source/PlanetPanel.h" />
		<Unit filename="source/PlayerInfo.cpp" />
		<Unit filename="source/PlayerInfo.h" />
		<Unit filename="source/PlayerInfoPanel.cpp" />
		<Unit filename="source/PlayerInfoPanel.h" />
		<Unit filename="source/Point.cpp" />
		<Unit filename="source/Point.h" />
		<Unit filename="source/PointerShader.cpp" />
		<Unit filename="source/PointerShader.h" />
		<Unit filename="source/Politics.cpp" />
		<Unit filename="source/Politics.h" />
		<Unit filename="source/Preferences.cpp" />
		<Unit filename="source/Preferences.h" />
		<Unit filename="source/PreferencesPanel.cpp" />
		<Unit filename="source/PreferencesPanel.h" />
		<Unit filename="source/Projectile.cpp" />
		<Unit filename="source/Projectile.h" />
		<Unit filename="source/Radar.cpp" />
		<Unit filename="source/Radar.h" />
		<Unit filename="source/Random.cpp" />
		<Unit filename="source/Random.h" />
		<Unit filename="source/Rectangle.cpp" />
		<Unit filename="source/Rectangle.h" />
		<Unit filename="source/RingShader.cpp" />
		<Unit filename="source/RingShader.h" />
		<Unit filename="source/Sale.h" />
		<Unit filename="source/SavedGame.cpp" />
		<Unit filename="source/SavedGame.h" />
		<Unit filename="source/Screen.cpp" />
		<Unit filename="source/Screen.h" />
		<Unit filename="source/Set.h" />
		<Unit filename="source/Shader.cpp" />
		<Unit filename="source/Shader.h" />
		<Unit filename="source/Ship.cpp" />
		<Unit filename="source/Ship.h" />
		<Unit filename="source/ShipEvent.cpp" />
		<Unit filename="source/ShipEvent.h" />
		<Unit filename="source/ShipInfoDisplay.cpp" />
		<Unit filename="source/ShipInfoDisplay.h" />
		<Unit filename="source/ShipInfoPanel.cpp" />
		<Unit filename="source/ShipInfoPanel.h" />
		<Unit filename="source/ShipyardPanel.cpp" />
		<Unit filename="source/ShipyardPanel.h" />
		<Unit filename="source/ShopPanel.cpp" />
		<Unit filename="source/ShopPanel.h" />
		<Unit filename="source/Sound.cpp" />
		<Unit filename="source/Sound.h" />
		<Unit filename="source/SpaceportPanel.cpp" />
		<Unit filename="source/SpaceportPanel.h" />
		<Unit filename="source/Sprite.cpp" />
		<Unit filename="source/Sprite.h" />
		<Unit filename="source/SpriteQueue.cpp" />
		<Unit filename="source/SpriteQueue.h" />
		<Unit filename="source/SpriteSet.cpp" />
		<Unit filename="source/SpriteSet.h" />
		<Unit filename="source/SpriteShader.cpp" />
		<Unit filename="source/SpriteShader.h" />
		<Unit filename="source/StarField.cpp" />
		<Unit filename="source/StarField.h" />
		<Unit filename="source/StartConditions.cpp" />
		<Unit filename="source/StartConditions.h" />
		<Unit filename="source/StartConditionsPanel.cpp" />
		<Unit filename="source/StartConditionsPanel.h" />
		<Unit filename="source/StellarObject.cpp" />
		<Unit filename="source/StellarObject.h" />
		<Unit filename="source/System.cpp" />
		<Unit filename="source/System.h" />
		<Unit filename="source/Test.cpp" />
		<Unit filename="source/Test.h" />
		<Unit filename="source/TestData.cpp" />
		<Unit filename="source/TestData.h" />
		<Unit filename="source/Trade.cpp" />
		<Unit filename="source/Trade.h" />
		<Unit filename="source/TradingPanel.cpp" />
		<Unit filename="source/TradingPanel.h" />
		<Unit filename="source/UI.cpp" />
		<Unit filename="source/UI.h" />
		<Unit filename="source/Visual.cpp" />
		<Unit filename="source/Visual.h" />
		<Unit filename="source/Weapon.cpp" />
		<Unit filename="source/Weapon.h" />
		<Unit filename="source/Weather.cpp" />
		<Unit filename="source/Weather.h" />
		<Unit filename="source/WeightedList.h" />
		<Unit filename="source/gl_header.h" />
		<Unit filename="source/pi.h" />
		<Unit filename="source/shift.h" />
		<Unit filename="source/text/DisplayText.cpp" />
		<Unit filename="source/text/DisplayText.h" />
		<Unit filename="source/text/Font.cpp" />
		<Unit filename="source/text/Font.h" />
		<Unit filename="source/text/FontSet.cpp" />
		<Unit filename="source/text/FontSet.h" />
		<Unit filename="source/text/Format.cpp" />
		<Unit filename="source/text/Format.h" />
		<Unit filename="source/text/Table.cpp" />
		<Unit filename="source/text/Table.h" />
		<Unit filename="source/text/Utf8.cpp" />
		<Unit filename="source/text/Utf8.h" />
		<Unit filename="source/text/WrappedText.cpp" />
		<Unit filename="source/text/WrappedText.h" />
		<Unit filename="source/text/alignment.hpp" />
		<Unit filename="source/text/layout.hpp" />
		<Unit filename="source/text/truncate.hpp" />
		<Extensions>
			<editor_config active="1" use_tabs="1" tab_indents="1" tab_width="4" indent="4" eol_mode="0" />
			<lib_finder disable_auto="1" />
		</Extensions>
	</Project>
</CodeBlocks_project_file>
